
Microsoft Visual Studio Solution File, Format Version 12.00
# Visual Studio 15
VisualStudioVersion = 15.0.27703.2000
MinimumVisualStudioVersion = 10.0.40219.1
Project("{FAE04EC0-301F-11D3-BF4B-00C04F79EFBC}") = "BasketApi.Tests", "BasketApi.Tests\BasketApi.Tests.csproj", "{FBEC46A9-2781-4164-9541-E5150822C43A}"
EndProject
Project("{FAE04EC0-301F-11D3-BF4B-00C04F79EFBC}") = "BasketApi.Web", "BasketApi.Web\BasketApi.Web.csproj", "{0A480DB8-2048-4C44-ABE7-D2BA0D09FF4A}"
EndProject
Project("{2150E333-8FDC-42A3-9474-1A3956D46DE8}") = "Solution Items", "Solution Items", "{86293B22-5BFB-4BB9-B2F1-701A5FB1692F}"
	ProjectSection(SolutionItems) = preProject
		README.md = README.md
	EndProjectSection
EndProject
Project("{FAE04EC0-301F-11D3-BF4B-00C04F79EFBC}") = "BasketApi.Contracts", "BasketApi.Contracts\BasketApi.Contracts.csproj", "{14EA2BFA-BF38-4544-A5D0-A0D5B3804D5E}"
EndProject
Project("{FAE04EC0-301F-11D3-BF4B-00C04F79EFBC}") = "BasketApi.Client", "BasketApi.Client\BasketApi.Client.csproj", "{6E5CB0A6-2664-492F-A674-97C6608BF258}"
EndProject
Global
	GlobalSection(SolutionConfigurationPlatforms) = preSolution
		Debug|Any CPU = Debug|Any CPU
		Release|Any CPU = Release|Any CPU
	EndGlobalSection
	GlobalSection(ProjectConfigurationPlatforms) = postSolution
		{FBEC46A9-2781-4164-9541-E5150822C43A}.Debug|Any CPU.ActiveCfg = Debug|Any CPU
		{FBEC46A9-2781-4164-9541-E5150822C43A}.Debug|Any CPU.Build.0 = Debug|Any CPU
		{FBEC46A9-2781-4164-9541-E5150822C43A}.Release|Any CPU.ActiveCfg = Release|Any CPU
		{FBEC46A9-2781-4164-9541-E5150822C43A}.Release|Any CPU.Build.0 = Release|Any CPU
		{0A480DB8-2048-4C44-ABE7-D2BA0D09FF4A}.Debug|Any CPU.ActiveCfg = Debug|Any CPU
		{0A480DB8-2048-4C44-ABE7-D2BA0D09FF4A}.Debug|Any CPU.Build.0 = Debug|Any CPU
		{0A480DB8-2048-4C44-ABE7-D2BA0D09FF4A}.Release|Any CPU.ActiveCfg = Release|Any CPU
		{0A480DB8-2048-4C44-ABE7-D2BA0D09FF4A}.Release|Any CPU.Build.0 = Release|Any CPU
		{14EA2BFA-BF38-4544-A5D0-A0D5B3804D5E}.Debug|Any CPU.ActiveCfg = Debug|Any CPU
		{14EA2BFA-BF38-4544-A5D0-A0D5B3804D5E}.Debug|Any CPU.Build.0 = Debug|Any CPU
		{14EA2BFA-BF38-4544-A5D0-A0D5B3804D5E}.Release|Any CPU.ActiveCfg = Release|Any CPU
		{14EA2BFA-BF38-4544-A5D0-A0D5B3804D5E}.Release|Any CPU.Build.0 = Release|Any CPU
		{6E5CB0A6-2664-492F-A674-97C6608BF258}.Debug|Any CPU.ActiveCfg = Debug|Any CPU
		{6E5CB0A6-2664-492F-A674-97C6608BF258}.Debug|Any CPU.Build.0 = Debug|Any CPU
		{6E5CB0A6-2664-492F-A674-97C6608BF258}.Release|Any CPU.ActiveCfg = Release|Any CPU
		{6E5CB0A6-2664-492F-A674-97C6608BF258}.Release|Any CPU.Build.0 = Release|Any CPU
	EndGlobalSection
	GlobalSection(SolutionProperties) = preSolution
		HideSolutionNode = FALSE
	EndGlobalSection
	GlobalSection(ExtensibilityGlobals) = postSolution
		SolutionGuid = {A22AD835-C4A0-4C05-9AB1-99885B0E552B}
	EndGlobalSection
EndGlobal
