
Microsoft Visual Studio Solution File, Format Version 12.00
# Visual Studio 15
VisualStudioVersion = 15.0.27703.2000
MinimumVisualStudioVersion = 10.0.40219.1
Project("{FAE04EC0-301F-11D3-BF4B-00C04F79EFBC}") = "BasketApi.Tests", "BasketApi.Tests\BasketApi.Tests.csproj", "{FBEC46A9-2781-4164-9541-E5150822C43A}"
EndProject
Project("{FAE04EC0-301F-11D3-BF4B-00C04F79EFBC}") = "BasketApi.Web", "BasketApi.Web\BasketApi.Web.csproj", "{0A480DB8-2048-4C44-ABE7-D2BA0D09FF4A}"
EndProject
Global
	GlobalSection(SolutionConfigurationPlatforms) = preSolution
		Debug|Any CPU = Debug|Any CPU
		Release|Any CPU = Release|Any CPU
	EndGlobalSection
	GlobalSection(ProjectConfigurationPlatforms) = postSolution
		{FBEC46A9-2781-4164-9541-E5150822C43A}.Debug|Any CPU.ActiveCfg = Debug|Any CPU
		{FBEC46A9-2781-4164-9541-E5150822C43A}.Debug|Any CPU.Build.0 = Debug|Any CPU
		{FBEC46A9-2781-4164-9541-E5150822C43A}.Release|Any CPU.ActiveCfg = Release|Any CPU
		{FBEC46A9-2781-4164-9541-E5150822C43A}.Release|Any CPU.Build.0 = Release|Any CPU
		{0A480DB8-2048-4C44-ABE7-D2BA0D09FF4A}.Debug|Any CPU.ActiveCfg = Debug|Any CPU
		{0A480DB8-2048-4C44-ABE7-D2BA0D09FF4A}.Debug|Any CPU.Build.0 = Debug|Any CPU
		{0A480DB8-2048-4C44-ABE7-D2BA0D09FF4A}.Release|Any CPU.ActiveCfg = Release|Any CPU
		{0A480DB8-2048-4C44-ABE7-D2BA0D09FF4A}.Release|Any CPU.Build.0 = Release|Any CPU
	EndGlobalSection
	GlobalSection(SolutionProperties) = preSolution
		HideSolutionNode = FALSE
	EndGlobalSection
	GlobalSection(ExtensibilityGlobals) = postSolution
		SolutionGuid = {A22AD835-C4A0-4C05-9AB1-99885B0E552B}
	EndGlobalSection
EndGlobal
